
Microsoft Visual Studio Solution File, Format Version 12.00
# Visual Studio Version 17
VisualStudioVersion = 17.0.31903.59
MinimumVisualStudioVersion = 10.0.40219.1
Project("{FAE04EC0-301F-11D3-BF4B-00C04F79EFBC}") = "SportsLeague.API", "SportsLeague.API\SportsLeague.API.csproj", "{906AE2CA-FCDD-431B-A059-9ED1D8E5BD4B}"
EndProject
Project("{FAE04EC0-301F-11D3-BF4B-00C04F79EFBC}") = "SportsLeague.Domain", "SportsLeague.Domain\SportsLeague.Domain.csproj", "{3A64D456-6F37-4BBC-81BA-4090C94B579F}"
EndProject
Project("{FAE04EC0-301F-11D3-BF4B-00C04F79EFBC}") = "SportsLeague.DataAccess", "SportsLeague.DataAccess\SportsLeague.DataAccess.csproj", "{1C5168AA-EA07-4915-ACB4-F1FA7127CA30}"
EndProject
Global
	GlobalSection(SolutionConfigurationPlatforms) = preSolution
		Debug|Any CPU = Debug|Any CPU
		Debug|x64 = Debug|x64
		Debug|x86 = Debug|x86
		Release|Any CPU = Release|Any CPU
		Release|x64 = Release|x64
		Release|x86 = Release|x86
	EndGlobalSection
	GlobalSection(ProjectConfigurationPlatforms) = postSolution
		{906AE2CA-FCDD-431B-A059-9ED1D8E5BD4B}.Debug|Any CPU.ActiveCfg = Debug|Any CPU
		{906AE2CA-FCDD-431B-A059-9ED1D8E5BD4B}.Debug|Any CPU.Build.0 = Debug|Any CPU
		{906AE2CA-FCDD-431B-A059-9ED1D8E5BD4B}.Debug|x64.ActiveCfg = Debug|Any CPU
		{906AE2CA-FCDD-431B-A059-9ED1D8E5BD4B}.Debug|x64.Build.0 = Debug|Any CPU
		{906AE2CA-FCDD-431B-A059-9ED1D8E5BD4B}.Debug|x86.ActiveCfg = Debug|Any CPU
		{906AE2CA-FCDD-431B-A059-9ED1D8E5BD4B}.Debug|x86.Build.0 = Debug|Any CPU
		{906AE2CA-FCDD-431B-A059-9ED1D8E5BD4B}.Release|Any CPU.ActiveCfg = Release|Any CPU
		{906AE2CA-FCDD-431B-A059-9ED1D8E5BD4B}.Release|Any CPU.Build.0 = Release|Any CPU
		{906AE2CA-FCDD-431B-A059-9ED1D8E5BD4B}.Release|x64.ActiveCfg = Release|Any CPU
		{906AE2CA-FCDD-431B-A059-9ED1D8E5BD4B}.Release|x64.Build.0 = Release|Any CPU
		{906AE2CA-FCDD-431B-A059-9ED1D8E5BD4B}.Release|x86.ActiveCfg = Release|Any CPU
		{906AE2CA-FCDD-431B-A059-9ED1D8E5BD4B}.Release|x86.Build.0 = Release|Any CPU
		{3A64D456-6F37-4BBC-81BA-4090C94B579F}.Debug|Any CPU.ActiveCfg = Debug|Any CPU
		{3A64D456-6F37-4BBC-81BA-4090C94B579F}.Debug|Any CPU.Build.0 = Debug|Any CPU
		{3A64D456-6F37-4BBC-81BA-4090C94B579F}.Debug|x64.ActiveCfg = Debug|Any CPU
		{3A64D456-6F37-4BBC-81BA-4090C94B579F}.Debug|x64.Build.0 = Debug|Any CPU
		{3A64D456-6F37-4BBC-81BA-4090C94B579F}.Debug|x86.ActiveCfg = Debug|Any CPU
		{3A64D456-6F37-4BBC-81BA-4090C94B579F}.Debug|x86.Build.0 = Debug|Any CPU
		{3A64D456-6F37-4BBC-81BA-4090C94B579F}.Release|Any CPU.ActiveCfg = Release|Any CPU
		{3A64D456-6F37-4BBC-81BA-4090C94B579F}.Release|Any CPU.Build.0 = Release|Any CPU
		{3A64D456-6F37-4BBC-81BA-4090C94B579F}.Release|x64.ActiveCfg = Release|Any CPU
		{3A64D456-6F37-4BBC-81BA-4090C94B579F}.Release|x64.Build.0 = Release|Any CPU
		{3A64D456-6F37-4BBC-81BA-4090C94B579F}.Release|x86.ActiveCfg = Release|Any CPU
		{3A64D456-6F37-4BBC-81BA-4090C94B579F}.Release|x86.Build.0 = Release|Any CPU
		{1C5168AA-EA07-4915-ACB4-F1FA7127CA30}.Debug|Any CPU.ActiveCfg = Debug|Any CPU
		{1C5168AA-EA07-4915-ACB4-F1FA7127CA30}.Debug|Any CPU.Build.0 = Debug|Any CPU
		{1C5168AA-EA07-4915-ACB4-F1FA7127CA30}.Debug|x64.ActiveCfg = Debug|Any CPU
		{1C5168AA-EA07-4915-ACB4-F1FA7127CA30}.Debug|x64.Build.0 = Debug|Any CPU
		{1C5168AA-EA07-4915-ACB4-F1FA7127CA30}.Debug|x86.ActiveCfg = Debug|Any CPU
		{1C5168AA-EA07-4915-ACB4-F1FA7127CA30}.Debug|x86.Build.0 = Debug|Any CPU
		{1C5168AA-EA07-4915-ACB4-F1FA7127CA30}.Release|Any CPU.ActiveCfg = Release|Any CPU
		{1C5168AA-EA07-4915-ACB4-F1FA7127CA30}.Release|Any CPU.Build.0 = Release|Any CPU
		{1C5168AA-EA07-4915-ACB4-F1FA7127CA30}.Release|x64.ActiveCfg = Release|Any CPU
		{1C5168AA-EA07-4915-ACB4-F1FA7127CA30}.Release|x64.Build.0 = Release|Any CPU
		{1C5168AA-EA07-4915-ACB4-F1FA7127CA30}.Release|x86.ActiveCfg = Release|Any CPU
		{1C5168AA-EA07-4915-ACB4-F1FA7127CA30}.Release|x86.Build.0 = Release|Any CPU
	EndGlobalSection
	GlobalSection(SolutionProperties) = preSolution
		HideSolutionNode = FALSE
	EndGlobalSection
EndGlobal
